
Microsoft Visual Studio Solution File, Format Version 12.00
# Visual Studio Version 17
VisualStudioVersion = 17.3.32825.248
MinimumVisualStudioVersion = 10.0.40219.1
Project("{FAE04EC0-301F-11D3-BF4B-00C04F79EFBC}") = "FaceTrain", "FaceTrain.csproj", "{CEEBD9A0-1F98-4DEB-BAC6-74C470532DAE}"
EndProject
Global
	GlobalSection(SolutionConfigurationPlatforms) = preSolution
		Debug|Any CPU = Debug|Any CPU
		Release|Any CPU = Release|Any CPU
	EndGlobalSection
	GlobalSection(ProjectConfigurationPlatforms) = postSolution
		{CEEBD9A0-1F98-4DEB-BAC6-74C470532DAE}.Debug|Any CPU.ActiveCfg = Debug|Any CPU
		{CEEBD9A0-1F98-4DEB-BAC6-74C470532DAE}.Debug|Any CPU.Build.0 = Debug|Any CPU
		{CEEBD9A0-1F98-4DEB-BAC6-74C470532DAE}.Release|Any CPU.ActiveCfg = Release|Any CPU
		{CEEBD9A0-1F98-4DEB-BAC6-74C470532DAE}.Release|Any CPU.Build.0 = Release|Any CPU
	EndGlobalSection
	GlobalSection(SolutionProperties) = preSolution
		HideSolutionNode = FALSE
	EndGlobalSection
	GlobalSection(ExtensibilityGlobals) = postSolution
		SolutionGuid = {B46DA881-1BBF-4209-8DA6-FDA48B1E785D}
	EndGlobalSection
EndGlobal
